
Microsoft Visual Studio Solution File, Format Version 12.00
# Visual Studio Version 16
VisualStudioVersion = 16.0.29519.181
MinimumVisualStudioVersion = 10.0.40219.1
Project("{FAE04EC0-301F-11D3-BF4B-00C04F79EFBC}") = "ClassObject", "ClassObject\ClassObject.csproj", "{E79E03E6-E850-44AE-B036-146E214A44B3}"
EndProject
Global
	GlobalSection(SolutionConfigurationPlatforms) = preSolution
		Debug|Any CPU = Debug|Any CPU
		Release|Any CPU = Release|Any CPU
	EndGlobalSection
	GlobalSection(ProjectConfigurationPlatforms) = postSolution
		{E79E03E6-E850-44AE-B036-146E214A44B3}.Debug|Any CPU.ActiveCfg = Debug|Any CPU
		{E79E03E6-E850-44AE-B036-146E214A44B3}.Debug|Any CPU.Build.0 = Debug|Any CPU
		{E79E03E6-E850-44AE-B036-146E214A44B3}.Release|Any CPU.ActiveCfg = Release|Any CPU
		{E79E03E6-E850-44AE-B036-146E214A44B3}.Release|Any CPU.Build.0 = Release|Any CPU
	EndGlobalSection
	GlobalSection(SolutionProperties) = preSolution
		HideSolutionNode = FALSE
	EndGlobalSection
	GlobalSection(ExtensibilityGlobals) = postSolution
		SolutionGuid = {BB78C7AB-B275-46AC-B65F-EC1C2217B50D}
	EndGlobalSection
EndGlobal
